
Microsoft Visual Studio Solution File, Format Version 12.00
# Visual Studio Version 16
VisualStudioVersion = 16.0.28407.52
MinimumVisualStudioVersion = 10.0.40219.1
Project("{FAE04EC0-301F-11D3-BF4B-00C04F79EFBC}") = "CG.NET", "CG.NET\CG.NET.csproj", "{F71F2629-B7D5-4981-AA43-01F6A8B8EEE2}"
EndProject
Global
	GlobalSection(SolutionConfigurationPlatforms) = preSolution
		Debug|Any CPU = Debug|Any CPU
		Release|Any CPU = Release|Any CPU
	EndGlobalSection
	GlobalSection(ProjectConfigurationPlatforms) = postSolution
		{F71F2629-B7D5-4981-AA43-01F6A8B8EEE2}.Debug|Any CPU.ActiveCfg = Debug|Any CPU
		{F71F2629-B7D5-4981-AA43-01F6A8B8EEE2}.Debug|Any CPU.Build.0 = Debug|Any CPU
		{F71F2629-B7D5-4981-AA43-01F6A8B8EEE2}.Release|Any CPU.ActiveCfg = Release|Any CPU
		{F71F2629-B7D5-4981-AA43-01F6A8B8EEE2}.Release|Any CPU.Build.0 = Release|Any CPU
	EndGlobalSection
	GlobalSection(SolutionProperties) = preSolution
		HideSolutionNode = FALSE
	EndGlobalSection
	GlobalSection(ExtensibilityGlobals) = postSolution
		SolutionGuid = {8A65D451-9882-4953-A2C9-F3E777EFD311}
	EndGlobalSection
EndGlobal
